{
  "name": "gpdot",
  "version": "1.0.0",
  "description": "Standalone F1 Dot Racer offline simulator",
  "main": "index.js",
  "scripts": {
    "build": "echo 'No web build step required: copying index.html from www/'",
    "cap:sync": "cap sync"
  },
  "dependencies": {
    "@capacitor/android": "^6.0.0",
    "@capacitor/core": "^6.0.0"
  },
  "devDependencies": {
    "@capacitor/cli": "^6.0.0"
  }
}
